
Microsoft Visual Studio Solution File, Format Version 12.00
# Visual Studio Version 17
VisualStudioVersion = 17.14.36310.24 d17.14
MinimumVisualStudioVersion = 10.0.40219.1
Project("{FAE04EC0-301F-11D3-BF4B-00C04F79EFBC}") = "Techno", "Techno\Techno.csproj", "{D49E418F-61C1-4AC1-B416-678F79AC207D}"
EndProject
Global
	GlobalSection(SolutionConfigurationPlatforms) = preSolution
		Debug|Any CPU = Debug|Any CPU
		Release|Any CPU = Release|Any CPU
	EndGlobalSection
	GlobalSection(ProjectConfigurationPlatforms) = postSolution
		{D49E418F-61C1-4AC1-B416-678F79AC207D}.Debug|Any CPU.ActiveCfg = Debug|Any CPU
		{D49E418F-61C1-4AC1-B416-678F79AC207D}.Debug|Any CPU.Build.0 = Debug|Any CPU
		{D49E418F-61C1-4AC1-B416-678F79AC207D}.Release|Any CPU.ActiveCfg = Release|Any CPU
		{D49E418F-61C1-4AC1-B416-678F79AC207D}.Release|Any CPU.Build.0 = Release|Any CPU
	EndGlobalSection
	GlobalSection(SolutionProperties) = preSolution
		HideSolutionNode = FALSE
	EndGlobalSection
	GlobalSection(ExtensibilityGlobals) = postSolution
		SolutionGuid = {84D4DFCA-F2CC-4100-B47A-59E0FEDD09EF}
	EndGlobalSection
EndGlobal
